{"1.2.0",
[{<<"accept">>,{pkg,<<"accept">>,<<"0.3.5">>},1},
 {<<"eflame">>,
  {git,"https://github.com/carlosedp/eflame",
       {ref,"f2d4089382e5e7dc744befde0a5d09f89a638c6f"}},
  0},
 {<<"goldrush">>,{pkg,<<"goldrush">>,<<"0.1.9">>},1},
 {<<"lager">>,{pkg,<<"lager">>,<<"3.9.2">>},0},
 {<<"observer_cli">>,{pkg,<<"observer_cli">>,<<"1.7.3">>},0},
 {<<"prometheus">>,{pkg,<<"prometheus">>,<<"4.8.2">>},0},
 {<<"prometheus_diameter_collector">>,
  {pkg,<<"prometheus_diameter_collector">>,<<"1.2.1">>},
  0},
 {<<"prometheus_httpd">>,{pkg,<<"prometheus_httpd">>,<<"2.1.11">>},0},
 {<<"prometheus_process_collector">>,
  {pkg,<<"prometheus_process_collector">>,<<"1.6.0">>},
  0},
 {<<"quantile_estimator">>,{pkg,<<"quantile_estimator">>,<<"0.2.1">>},1},
 {<<"recon">>,{pkg,<<"recon">>,<<"2.5.2">>},1}]}.
[
{pkg_hash,[
 {<<"accept">>, <<"B33B127ABCA7CC948BBE6CAA4C263369ABF1347CFA9D8E699C6D214660F10CD1">>},
 {<<"goldrush">>, <<"F06E5D5F1277DA5C413E84D5A2924174182FB108DABB39D5EC548B27424CD106">>},
 {<<"lager">>, <<"4CAB289120EB24964E3886BD22323CB5FEFE4510C076992A23AD18CF85413D8C">>},
 {<<"observer_cli">>, <<"25D094D485F47239F218B53DF0691A102FEF13071DFD0D04922B5142297CFC93">>},
 {<<"prometheus">>, <<"B88F24279DD7A1F512CB090595FF6C88B50AAD0A6B394A4C4983725723DCD834">>},
 {<<"prometheus_diameter_collector">>, <<"77C6E0BC247CD1B57A4942F9856E6EEACD02494D8292E357824307EE47895B01">>},
 {<<"prometheus_httpd">>, <<"F616ED9B85B536B195D94104063025A91F904A4CFC20255363F49A197D96C896">>},
 {<<"prometheus_process_collector">>, <<"B169E224337497CD858DA16F9361EDABC5931B9D12201A97EE15D88EF5A6FCAA">>},
 {<<"quantile_estimator">>, <<"EF50A361F11B5F26B5F16D0696E46A9E4661756492C981F7B2229EF42FF1CD15">>},
 {<<"recon">>, <<"CBA53FA8DB83AD968C9A652E09C3ED7DDCC4DA434F27C3EAA9CA47FFB2B1FF03">>}]},
{pkg_hash_ext,[
 {<<"accept">>, <<"11B18C220BCC2EAB63B5470C038EF10EB6783BCB1FCDB11AA4137DEFA5AC1BB8">>},
 {<<"goldrush">>, <<"99CB4128CFFCB3227581E5D4D803D5413FA643F4EB96523F77D9E6937D994CEB">>},
 {<<"lager">>, <<"7F904D9E87A8CB7E66156ED31768D1C8E26EBA1D54F4BC85B1AA4AC1F6340C28">>},
 {<<"observer_cli">>, <<"A41B6D3E11A3444E063E09CC225F7F3E631CE14019E5FBCAEBFDA89B1BD788EA">>},
 {<<"prometheus">>, <<"C3ABD6521E52CEC4F0D8ECA603CF214DFC84D8A27AA85946639F1424B8554D98">>},
 {<<"prometheus_diameter_collector">>, <<"1AB3AECE61AF70B22C4CA197CB8CACF0C220E50DA451774B33D66985FB1C5016">>},
 {<<"prometheus_httpd">>, <<"0BBE831452CFDF9588538EB2F570B26F30C348ADAE5E95A7D87F35A5910BCF92">>},
 {<<"prometheus_process_collector">>, <<"E9CD9846F204DE7A04863F56308D8D1193BEC714210BF6374D9D4FC088D2896D">>},
 {<<"quantile_estimator">>, <<"282A8A323CA2A845C9E6F787D166348F776C1D4A41EDE63046D72D422E3DA946">>},
 {<<"recon">>, <<"2C7523C8DEE91DFF41F6B3D63CBA2BD49EB6D2FE5BF1EEC0DF7F87EB5E230E1C">>}]}
].
